
Microsoft Visual Studio Solution File, Format Version 12.00
# Visual Studio 15
Project("{FAE04EC0-301F-11D3-BF4B-00C04F79EFBC}") = "Assembly-CSharp", "Assembly-CSharp.csproj", "{43B0EEE5-6DC6-0CD0-831B-F7CFA1F68410}"
EndProject
Project("{FAE04EC0-301F-11D3-BF4B-00C04F79EFBC}") = "DOTween.Modules", "DOTween.Modules.csproj", "{D69DB98D-E4D1-89F9-ED04-FD0BE2D3CC3F}"
EndProject
Project("{FAE04EC0-301F-11D3-BF4B-00C04F79EFBC}") = "Assembly-CSharp-Editor", "Assembly-CSharp-Editor.csproj", "{25877F42-217A-DEA0-4ECE-81B059DF1DF5}"
EndProject
Global
	GlobalSection(SolutionConfigurationPlatforms) = preSolution
		Debug|Any CPU = Debug|Any CPU
		Release|Any CPU = Release|Any CPU
	EndGlobalSection
	GlobalSection(ProjectConfigurationPlatforms) = postSolution
		{43B0EEE5-6DC6-0CD0-831B-F7CFA1F68410}.Debug|Any CPU.ActiveCfg = Debug|Any CPU
		{43B0EEE5-6DC6-0CD0-831B-F7CFA1F68410}.Debug|Any CPU.Build.0 = Debug|Any CPU
		{43B0EEE5-6DC6-0CD0-831B-F7CFA1F68410}.Release|Any CPU.ActiveCfg = Release|Any CPU
		{43B0EEE5-6DC6-0CD0-831B-F7CFA1F68410}.Release|Any CPU.Build.0 = Release|Any CPU
		{D69DB98D-E4D1-89F9-ED04-FD0BE2D3CC3F}.Debug|Any CPU.ActiveCfg = Debug|Any CPU
		{D69DB98D-E4D1-89F9-ED04-FD0BE2D3CC3F}.Debug|Any CPU.Build.0 = Debug|Any CPU
		{D69DB98D-E4D1-89F9-ED04-FD0BE2D3CC3F}.Release|Any CPU.ActiveCfg = Release|Any CPU
		{D69DB98D-E4D1-89F9-ED04-FD0BE2D3CC3F}.Release|Any CPU.Build.0 = Release|Any CPU
		{25877F42-217A-DEA0-4ECE-81B059DF1DF5}.Debug|Any CPU.ActiveCfg = Debug|Any CPU
		{25877F42-217A-DEA0-4ECE-81B059DF1DF5}.Debug|Any CPU.Build.0 = Debug|Any CPU
		{25877F42-217A-DEA0-4ECE-81B059DF1DF5}.Release|Any CPU.ActiveCfg = Release|Any CPU
		{25877F42-217A-DEA0-4ECE-81B059DF1DF5}.Release|Any CPU.Build.0 = Release|Any CPU
	EndGlobalSection
	GlobalSection(SolutionProperties) = preSolution
		HideSolutionNode = FALSE
	EndGlobalSection
EndGlobal
